
Microsoft Visual Studio Solution File, Format Version 12.00
Project("{FAE04EC0-301F-11D3-BF4B-00C04F79EFBC}") = "GameGridGuru.UI", "GameGridGuru.UI\GameGridGuru.UI.csproj", "{14D9C1B6-BB04-463E-A15B-C76A18640424}"
EndProject
Project("{FAE04EC0-301F-11D3-BF4B-00C04F79EFBC}") = "GameGridGuru.UI.Abstractions", "GameGridGuru.UI.Abstractions\GameGridGuru.UI.Abstractions.csproj", "{75441419-3E29-4EDF-AD90-59B7FE9C891B}"
EndProject
Project("{FAE04EC0-301F-11D3-BF4B-00C04F79EFBC}") = "GameGridGuru.Infraestructure", "GameGridGuru.Infraestructure\GameGridGuru.Infraestructure.csproj", "{1E944498-150A-4767-B882-0FDB24572FF1}"
EndProject
Project("{FAE04EC0-301F-11D3-BF4B-00C04F79EFBC}") = "GameGridGuru.Domain", "GameGridGuru.Domain\GameGridGuru.Domain.csproj", "{BFB1E7BD-24F2-48F1-A2FF-9643EE743134}"
EndProject
Global
	GlobalSection(SolutionConfigurationPlatforms) = preSolution
		Debug|Any CPU = Debug|Any CPU
		Release|Any CPU = Release|Any CPU
	EndGlobalSection
	GlobalSection(ProjectConfigurationPlatforms) = postSolution
		{14D9C1B6-BB04-463E-A15B-C76A18640424}.Debug|Any CPU.ActiveCfg = Debug|Any CPU
		{14D9C1B6-BB04-463E-A15B-C76A18640424}.Debug|Any CPU.Build.0 = Debug|Any CPU
		{14D9C1B6-BB04-463E-A15B-C76A18640424}.Release|Any CPU.ActiveCfg = Release|Any CPU
		{14D9C1B6-BB04-463E-A15B-C76A18640424}.Release|Any CPU.Build.0 = Release|Any CPU
		{75441419-3E29-4EDF-AD90-59B7FE9C891B}.Debug|Any CPU.ActiveCfg = Debug|Any CPU
		{75441419-3E29-4EDF-AD90-59B7FE9C891B}.Debug|Any CPU.Build.0 = Debug|Any CPU
		{75441419-3E29-4EDF-AD90-59B7FE9C891B}.Release|Any CPU.ActiveCfg = Release|Any CPU
		{75441419-3E29-4EDF-AD90-59B7FE9C891B}.Release|Any CPU.Build.0 = Release|Any CPU
		{1E944498-150A-4767-B882-0FDB24572FF1}.Debug|Any CPU.ActiveCfg = Debug|Any CPU
		{1E944498-150A-4767-B882-0FDB24572FF1}.Debug|Any CPU.Build.0 = Debug|Any CPU
		{1E944498-150A-4767-B882-0FDB24572FF1}.Release|Any CPU.ActiveCfg = Release|Any CPU
		{1E944498-150A-4767-B882-0FDB24572FF1}.Release|Any CPU.Build.0 = Release|Any CPU
		{BFB1E7BD-24F2-48F1-A2FF-9643EE743134}.Debug|Any CPU.ActiveCfg = Debug|Any CPU
		{BFB1E7BD-24F2-48F1-A2FF-9643EE743134}.Debug|Any CPU.Build.0 = Debug|Any CPU
		{BFB1E7BD-24F2-48F1-A2FF-9643EE743134}.Release|Any CPU.ActiveCfg = Release|Any CPU
		{BFB1E7BD-24F2-48F1-A2FF-9643EE743134}.Release|Any CPU.Build.0 = Release|Any CPU
	EndGlobalSection
EndGlobal
